{
  "nodes": {
    "emacs-overlay": {
      "inputs": {
        "flake-utils": "flake-utils",
        "nixpkgs": [
          "unstablepkgs"
        ],
        "nixpkgs-stable": "nixpkgs-stable"
      },
      "locked": {
        "lastModified": 1717923131,
        "narHash": "sha256-5lhNOKg9G6I8b3ClzPY3EcyctLmH9D4qQLwNvc7xMTw=",
        "owner": "nix-community",
        "repo": "emacs-overlay",
        "rev": "03489b65f30d0b0920bad58790dbf00f2f2086a9",
        "type": "github"
      },
      "original": {
        "owner": "nix-community",
        "repo": "emacs-overlay",
        "type": "github"
      }
    },
    "flake-compat": {
      "flake": false,
      "locked": {
        "lastModified": 1687265871,
        "narHash": "sha256-P8AOiQk/XN8/ia4289hDHlTfWB70cRQ5pc9GRfmEdpc=",
        "owner": "inclyc",
        "repo": "flake-compat",
        "rev": "70e56389c58bbd300d11778913b255477ebbae22",
        "type": "github"
      },
      "original": {
        "owner": "inclyc",
        "repo": "flake-compat",
        "type": "github"
      }
    },
    "flake-compat_2": {
      "flake": false,
      "locked": {
        "lastModified": 1696426674,
        "narHash": "sha256-kvjfFW7WAETZlt09AgDn1MrtKzP7t90Vf7vypd3OL1U=",
        "owner": "edolstra",
        "repo": "flake-compat",
        "rev": "0f9255e01c2351cc7d116c072cb317785dd33b33",
        "type": "github"
      },
      "original": {
        "owner": "edolstra",
        "repo": "flake-compat",
        "type": "github"
      }
    },
    "flake-compat_3": {
      "flake": false,
      "locked": {
        "lastModified": 1696426674,
        "narHash": "sha256-kvjfFW7WAETZlt09AgDn1MrtKzP7t90Vf7vypd3OL1U=",
        "owner": "edolstra",
        "repo": "flake-compat",
        "rev": "0f9255e01c2351cc7d116c072cb317785dd33b33",
        "type": "github"
      },
      "original": {
        "owner": "edolstra",
        "repo": "flake-compat",
        "type": "github"
      }
    },
    "flake-compat_4": {
      "flake": false,
      "locked": {
        "lastModified": 1696426674,
        "narHash": "sha256-kvjfFW7WAETZlt09AgDn1MrtKzP7t90Vf7vypd3OL1U=",
        "owner": "edolstra",
        "repo": "flake-compat",
        "rev": "0f9255e01c2351cc7d116c072cb317785dd33b33",
        "type": "github"
      },
      "original": {
        "owner": "edolstra",
        "repo": "flake-compat",
        "type": "github"
      }
    },
    "flake-parts": {
      "inputs": {
        "nixpkgs-lib": [
          "neovim-nightly",
          "nixpkgs"
        ]
      },
      "locked": {
        "lastModified": 1717285511,
        "narHash": "sha256-iKzJcpdXih14qYVcZ9QC9XuZYnPc6T8YImb6dX166kw=",
        "owner": "hercules-ci",
        "repo": "flake-parts",
        "rev": "2a55567fcf15b1b1c7ed712a2c6fadaec7412ea8",
        "type": "github"
      },
      "original": {
        "owner": "hercules-ci",
        "repo": "flake-parts",
        "type": "github"
      }
    },
    "flake-parts_2": {
      "inputs": {
        "nixpkgs-lib": [
          "neovim-nightly",
          "hercules-ci-effects",
          "nixpkgs"
        ]
      },
      "locked": {
        "lastModified": 1712014858,
        "narHash": "sha256-sB4SWl2lX95bExY2gMFG5HIzvva5AVMJd4Igm+GpZNw=",
        "owner": "hercules-ci",
        "repo": "flake-parts",
        "rev": "9126214d0a59633752a136528f5f3b9aa8565b7d",
        "type": "github"
      },
      "original": {
        "id": "flake-parts",
        "type": "indirect"
      }
    },
    "flake-parts_3": {
      "inputs": {
        "nixpkgs-lib": [
          "nix-direnv",
          "nixpkgs"
        ]
      },
      "locked": {
        "lastModified": 1715865404,
        "narHash": "sha256-/GJvTdTpuDjNn84j82cU6bXztE0MSkdnTWClUCRub78=",
        "owner": "hercules-ci",
        "repo": "flake-parts",
        "rev": "8dc45382d5206bd292f9c2768b8058a8fd8311d9",
        "type": "github"
      },
      "original": {
        "owner": "hercules-ci",
        "repo": "flake-parts",
        "type": "github"
      }
    },
    "flake-parts_4": {
      "inputs": {
        "nixpkgs-lib": "nixpkgs-lib"
      },
      "locked": {
        "lastModified": 1714606777,
        "narHash": "sha256-bMkNmAXLj8iyTvxaaD/StcLSadbj1chPcJOjtuVnLmA=",
        "owner": "hercules-ci",
        "repo": "flake-parts",
        "rev": "4d34ce6412bc450b1d4208c953dc97c7fc764f1a",
        "type": "github"
      },
      "original": {
        "owner": "hercules-ci",
        "repo": "flake-parts",
        "type": "github"
      }
    },
    "flake-root": {
      "locked": {
        "lastModified": 1713493429,
        "narHash": "sha256-ztz8JQkI08tjKnsTpfLqzWoKFQF4JGu2LRz8bkdnYUk=",
        "owner": "srid",
        "repo": "flake-root",
        "rev": "bc748b93b86ee76e2032eecda33440ceb2532fcd",
        "type": "github"
      },
      "original": {
        "owner": "srid",
        "repo": "flake-root",
        "type": "github"
      }
    },
    "flake-utils": {
      "inputs": {
        "systems": "systems"
      },
      "locked": {
        "lastModified": 1710146030,
        "narHash": "sha256-SZ5L6eA7HJ/nmkzGG7/ISclqe6oZdOZTNoesiInkXPQ=",
        "owner": "numtide",
        "repo": "flake-utils",
        "rev": "b1d9ab70662946ef0850d488da1c9019f3a9752a",
        "type": "github"
      },
      "original": {
        "owner": "numtide",
        "repo": "flake-utils",
        "type": "github"
      }
    },
    "git-hooks": {
      "inputs": {
        "flake-compat": "flake-compat_3",
        "gitignore": "gitignore",
        "nixpkgs": [
          "neovim-nightly",
          "nixpkgs"
        ],
        "nixpkgs-stable": [
          "neovim-nightly",
          "nixpkgs"
        ]
      },
      "locked": {
        "lastModified": 1717664902,
        "narHash": "sha256-7XfBuLULizXjXfBYy/VV+SpYMHreNRHk9nKMsm1bgb4=",
        "owner": "cachix",
        "repo": "git-hooks.nix",
        "rev": "cc4d466cb1254af050ff7bdf47f6d404a7c646d1",
        "type": "github"
      },
      "original": {
        "owner": "cachix",
        "repo": "git-hooks.nix",
        "type": "github"
      }
    },
    "gitignore": {
      "inputs": {
        "nixpkgs": [
          "neovim-nightly",
          "git-hooks",
          "nixpkgs"
        ]
      },
      "locked": {
        "lastModified": 1709087332,
        "narHash": "sha256-HG2cCnktfHsKV0s4XW83gU3F57gaTljL9KNSuG6bnQs=",
        "owner": "hercules-ci",
        "repo": "gitignore.nix",
        "rev": "637db329424fd7e46cf4185293b9cc8c88c95394",
        "type": "github"
      },
      "original": {
        "owner": "hercules-ci",
        "repo": "gitignore.nix",
        "type": "github"
      }
    },
    "hercules-ci-effects": {
      "inputs": {
        "flake-parts": "flake-parts_2",
        "nixpkgs": [
          "neovim-nightly",
          "nixpkgs"
        ]
      },
      "locked": {
        "lastModified": 1713898448,
        "narHash": "sha256-6q6ojsp/Z9P2goqnxyfCSzFOD92T3Uobmj8oVAicUOs=",
        "owner": "hercules-ci",
        "repo": "hercules-ci-effects",
        "rev": "c0302ec12d569532a6b6bd218f698bc402e93adc",
        "type": "github"
      },
      "original": {
        "owner": "hercules-ci",
        "repo": "hercules-ci-effects",
        "type": "github"
      }
    },
    "home-manager": {
      "inputs": {
        "nixpkgs": [
          "unstablepkgs"
        ]
      },
      "locked": {
        "lastModified": 1717525419,
        "narHash": "sha256-5z2422pzWnPXHgq2ms8lcCfttM0dz+hg+x1pCcNkAws=",
        "owner": "nix-community",
        "repo": "home-manager",
        "rev": "a7117efb3725e6197dd95424136f79147aa35e5b",
        "type": "github"
      },
      "original": {
        "owner": "nix-community",
        "ref": "master",
        "repo": "home-manager",
        "type": "github"
      }
    },
    "homeage": {
      "inputs": {
        "nixpkgs": [
          "unstablepkgs"
        ]
      },
      "locked": {
        "lastModified": 1669234151,
        "narHash": "sha256-TwT87E3m2TZLgwYJESlype14HxUOrRGojPM5C2akrMg=",
        "owner": "jordanisaacs",
        "repo": "homeage",
        "rev": "02bfe4ca06962d222e522fff0240c93946b20278",
        "type": "github"
      },
      "original": {
        "owner": "jordanisaacs",
        "repo": "homeage",
        "type": "github"
      }
    },
    "masterpkgs": {
      "locked": {
        "lastModified": 1717923588,
        "narHash": "sha256-DdLA9oxP4M3G+a4B+Eo9rIcqgucSMPjlqJGs5AhbDyI=",
        "owner": "NixOS",
        "repo": "nixpkgs",
        "rev": "5a5592e0cb7e323d3b9f70e371081bde94fba63c",
        "type": "github"
      },
      "original": {
        "owner": "NixOS",
        "ref": "master",
        "repo": "nixpkgs",
        "type": "github"
      }
    },
    "neovim-nightly": {
      "inputs": {
        "flake-compat": "flake-compat_2",
        "flake-parts": "flake-parts",
        "git-hooks": "git-hooks",
        "hercules-ci-effects": "hercules-ci-effects",
        "neovim-src": "neovim-src",
        "nixpkgs": [
          "unstablepkgs"
        ]
      },
      "locked": {
        "lastModified": 1717897112,
        "narHash": "sha256-2W+MwFHGaUZjZA5V0/FAj6MIGlbYoYbA9CW+m+Dcylo=",
        "owner": "nix-community",
        "repo": "neovim-nightly-overlay",
        "rev": "60e55860768c1cbacafac5ce5b64c816d94fb825",
        "type": "github"
      },
      "original": {
        "owner": "nix-community",
        "repo": "neovim-nightly-overlay",
        "type": "github"
      }
    },
    "neovim-src": {
      "flake": false,
      "locked": {
        "lastModified": 1717875486,
        "narHash": "sha256-dbeVL+1eZ6tYyi556jWzYCi2AbkYglU9kDBgRWAOAJI=",
        "owner": "neovim",
        "repo": "neovim",
        "rev": "9afa1fd35510c5fe485f4a1dfdabf94e5f051a1c",
        "type": "github"
      },
      "original": {
        "owner": "neovim",
        "repo": "neovim",
        "type": "github"
      }
    },
    "nix-direnv": {
      "inputs": {
        "flake-parts": "flake-parts_3",
        "nixpkgs": [
          "unstablepkgs"
        ],
        "treefmt-nix": "treefmt-nix"
      },
      "locked": {
        "lastModified": 1717416470,
        "narHash": "sha256-kGy8cYdyi4p6eIw8oQ7g90Htjnzv1KpfN47Cu9fXEUw=",
        "owner": "nix-community",
        "repo": "nix-direnv",
        "rev": "1be830fb5cecf5c8af36b80c31be3e4247494627",
        "type": "github"
      },
      "original": {
        "owner": "nix-community",
        "repo": "nix-direnv",
        "type": "github"
      }
    },
    "nix-formatter-pack": {
      "inputs": {
        "nixpkgs": [
          "unstablepkgs"
        ],
        "nmd": "nmd",
        "nmt": "nmt"
      },
      "locked": {
        "lastModified": 1715807870,
        "narHash": "sha256-lutvG1LFGSpXsGA7U4TWfdfq6p71WdSlhw3vM4W/Opk=",
        "owner": "Gerschtli",
        "repo": "nix-formatter-pack",
        "rev": "ab5feb867e5d074918852de6134500a82a09dc48",
        "type": "github"
      },
      "original": {
        "owner": "Gerschtli",
        "repo": "nix-formatter-pack",
        "type": "github"
      }
    },
    "nixd": {
      "inputs": {
        "flake-parts": "flake-parts_4",
        "flake-root": "flake-root",
        "nixpkgs": [
          "unstablepkgs"
        ]
      },
      "locked": {
        "lastModified": 1717293270,
        "narHash": "sha256-twDibXDWwmySk6C/hFUpeBewB5heSyCDDHWOAeRSp40=",
        "owner": "nix-community",
        "repo": "nixd",
        "rev": "be5ad5ec113595e2900e6391a08cf0e4784a9cfe",
        "type": "github"
      },
      "original": {
        "owner": "nix-community",
        "repo": "nixd",
        "type": "github"
      }
    },
    "nixos-hardware": {
      "locked": {
        "lastModified": 1714114523,
        "narHash": "sha256-uot26gZdljPN87IwWJqLG3b+F9B0LKujq12m60cEjDs=",
        "owner": "massix",
        "repo": "nixos-hardware",
        "rev": "915e41f7228bdcccce6157de3ef599a108bec6df",
        "type": "github"
      },
      "original": {
        "owner": "massix",
        "ref": "fix/surface-kernel-6.7.9",
        "repo": "nixos-hardware",
        "type": "github"
      }
    },
    "nixpkgs": {
      "locked": {
        "lastModified": 1717530100,
        "narHash": "sha256-b4Dn+PnrZoVZ/BoR9JN2fTxXxplJrAsdSUIePf4Cacs=",
        "owner": "NixOS",
        "repo": "nixpkgs",
        "rev": "a2e1d0414259a144ebdc048408a807e69e0565af",
        "type": "github"
      },
      "original": {
        "owner": "NixOS",
        "ref": "nixos-23.11",
        "repo": "nixpkgs",
        "type": "github"
      }
    },
    "nixpkgs-lib": {
      "locked": {
        "dir": "lib",
        "lastModified": 1714253743,
        "narHash": "sha256-mdTQw2XlariysyScCv2tTE45QSU9v/ezLcHJ22f0Nxc=",
        "owner": "NixOS",
        "repo": "nixpkgs",
        "rev": "58a1abdbae3217ca6b702f03d3b35125d88a2994",
        "type": "github"
      },
      "original": {
        "dir": "lib",
        "owner": "NixOS",
        "ref": "nixos-unstable",
        "repo": "nixpkgs",
        "type": "github"
      }
    },
    "nixpkgs-stable": {
      "locked": {
        "lastModified": 1717530100,
        "narHash": "sha256-b4Dn+PnrZoVZ/BoR9JN2fTxXxplJrAsdSUIePf4Cacs=",
        "owner": "NixOS",
        "repo": "nixpkgs",
        "rev": "a2e1d0414259a144ebdc048408a807e69e0565af",
        "type": "github"
      },
      "original": {
        "owner": "NixOS",
        "ref": "nixos-23.11",
        "repo": "nixpkgs",
        "type": "github"
      }
    },
    "nmd": {
      "flake": false,
      "locked": {
        "lastModified": 1666190571,
        "narHash": "sha256-Z1hc7M9X6L+H83o9vOprijpzhTfOBjd0KmUTnpHAVjA=",
        "owner": "rycee",
        "repo": "nmd",
        "rev": "b75d312b4f33bd3294cd8ae5c2ca8c6da2afc169",
        "type": "gitlab"
      },
      "original": {
        "owner": "rycee",
        "repo": "nmd",
        "type": "gitlab"
      }
    },
    "nmt": {
      "flake": false,
      "locked": {
        "lastModified": 1648075362,
        "narHash": "sha256-u36WgzoA84dMVsGXzml4wZ5ckGgfnvS0ryzo/3zn/Pc=",
        "owner": "rycee",
        "repo": "nmt",
        "rev": "d83601002c99b78c89ea80e5e6ba21addcfe12ae",
        "type": "gitlab"
      },
      "original": {
        "owner": "rycee",
        "repo": "nmt",
        "type": "gitlab"
      }
    },
    "protrans": {
      "inputs": {
        "nixpkgs": [
          "unstablepkgs"
        ]
      },
      "locked": {
        "lastModified": 1715786410,
        "narHash": "sha256-MKXZvYz6EvuBFlvjVqFWWZA13AJ2eCb+gZDI53aAGCc=",
        "owner": "massix",
        "repo": "protrans",
        "rev": "2242f4d2076762bc653003671ff3e822223c2ce1",
        "type": "github"
      },
      "original": {
        "owner": "massix",
        "repo": "protrans",
        "type": "github"
      }
    },
    "purescript-overlay": {
      "inputs": {
        "flake-compat": "flake-compat_4",
        "nixpkgs": [
          "unstablepkgs"
        ],
        "slimlock": "slimlock"
      },
      "locked": {
        "lastModified": 1717764611,
        "narHash": "sha256-qz1c0JSvKOx2vpNcIZ37EAHtx2gJCJuIURQB2jcNh3c=",
        "owner": "thomashoneyman",
        "repo": "purescript-overlay",
        "rev": "c8833cdd4cbabd195421eb55b11a4e4fb91e537a",
        "type": "github"
      },
      "original": {
        "owner": "thomashoneyman",
        "repo": "purescript-overlay",
        "type": "github"
      }
    },
    "root": {
      "inputs": {
        "emacs-overlay": "emacs-overlay",
        "flake-compat": "flake-compat",
        "home-manager": "home-manager",
        "homeage": "homeage",
        "masterpkgs": "masterpkgs",
        "neovim-nightly": "neovim-nightly",
        "nix-direnv": "nix-direnv",
        "nix-formatter-pack": "nix-formatter-pack",
        "nixd": "nixd",
        "nixos-hardware": "nixos-hardware",
        "nixpkgs": "nixpkgs",
        "protrans": "protrans",
        "purescript-overlay": "purescript-overlay",
        "unstablepkgs": "unstablepkgs"
      }
    },
    "slimlock": {
      "inputs": {
        "nixpkgs": [
          "purescript-overlay",
          "nixpkgs"
        ]
      },
      "locked": {
        "lastModified": 1688756706,
        "narHash": "sha256-xzkkMv3neJJJ89zo3o2ojp7nFeaZc2G0fYwNXNJRFlo=",
        "owner": "thomashoneyman",
        "repo": "slimlock",
        "rev": "cf72723f59e2340d24881fd7bf61cb113b4c407c",
        "type": "github"
      },
      "original": {
        "owner": "thomashoneyman",
        "repo": "slimlock",
        "type": "github"
      }
    },
    "systems": {
      "locked": {
        "lastModified": 1681028828,
        "narHash": "sha256-Vy1rq5AaRuLzOxct8nz4T6wlgyUR7zLU309k9mBC768=",
        "owner": "nix-systems",
        "repo": "default",
        "rev": "da67096a3b9bf56a91d16901293e51ba5b49a27e",
        "type": "github"
      },
      "original": {
        "owner": "nix-systems",
        "repo": "default",
        "type": "github"
      }
    },
    "treefmt-nix": {
      "inputs": {
        "nixpkgs": [
          "nix-direnv",
          "nixpkgs"
        ]
      },
      "locked": {
        "lastModified": 1715940852,
        "narHash": "sha256-wJqHMg/K6X3JGAE9YLM0LsuKrKb4XiBeVaoeMNlReZg=",
        "owner": "numtide",
        "repo": "treefmt-nix",
        "rev": "2fba33a182602b9d49f0b2440513e5ee091d838b",
        "type": "github"
      },
      "original": {
        "owner": "numtide",
        "repo": "treefmt-nix",
        "type": "github"
      }
    },
    "unstablepkgs": {
      "locked": {
        "lastModified": 1717786204,
        "narHash": "sha256-4q0s6m0GUcN7q+Y2DqD27iLvbcd1G50T2lv08kKxkSI=",
        "owner": "NixOS",
        "repo": "nixpkgs",
        "rev": "051f920625ab5aabe37c920346e3e69d7d34400e",
        "type": "github"
      },
      "original": {
        "owner": "NixOS",
        "ref": "nixos-unstable",
        "repo": "nixpkgs",
        "type": "github"
      }
    }
  },
  "root": "root",
  "version": 7
}
